
Microsoft Visual Studio Solution File, Format Version 12.00
# Visual Studio Version 17
VisualStudioVersion = 17.7.34031.279
MinimumVisualStudioVersion = 10.0.40219.1
Project("{9A19103F-16F7-4668-BE54-9A1E7A4F7556}") = "PresentationLayer", "PictureEditor\PresentationLayer.csproj", "{6E3334F9-F856-4B56-83AF-9517269154F5}"
EndProject
Project("{9A19103F-16F7-4668-BE54-9A1E7A4F7556}") = "DataLayer", "DataLayer\DataLayer.csproj", "{1B0255C4-CB4E-46F6-A774-1C8CED795C12}"
EndProject
Project("{FAE04EC0-301F-11D3-BF4B-00C04F79EFBC}") = "BusinessLayer", "BusinessLayer\BusinessLayer.csproj", "{02C751F0-8BE5-4D85-ABF6-FC64CC1AC9DD}"
EndProject
Global
	GlobalSection(SolutionConfigurationPlatforms) = preSolution
		Debug|Any CPU = Debug|Any CPU
		Release|Any CPU = Release|Any CPU
	EndGlobalSection
	GlobalSection(ProjectConfigurationPlatforms) = postSolution
		{6E3334F9-F856-4B56-83AF-9517269154F5}.Debug|Any CPU.ActiveCfg = Debug|Any CPU
		{6E3334F9-F856-4B56-83AF-9517269154F5}.Debug|Any CPU.Build.0 = Debug|Any CPU
		{6E3334F9-F856-4B56-83AF-9517269154F5}.Release|Any CPU.ActiveCfg = Release|Any CPU
		{6E3334F9-F856-4B56-83AF-9517269154F5}.Release|Any CPU.Build.0 = Release|Any CPU
		{1B0255C4-CB4E-46F6-A774-1C8CED795C12}.Debug|Any CPU.ActiveCfg = Debug|Any CPU
		{1B0255C4-CB4E-46F6-A774-1C8CED795C12}.Debug|Any CPU.Build.0 = Debug|Any CPU
		{1B0255C4-CB4E-46F6-A774-1C8CED795C12}.Release|Any CPU.ActiveCfg = Release|Any CPU
		{1B0255C4-CB4E-46F6-A774-1C8CED795C12}.Release|Any CPU.Build.0 = Release|Any CPU
		{02C751F0-8BE5-4D85-ABF6-FC64CC1AC9DD}.Debug|Any CPU.ActiveCfg = Debug|Any CPU
		{02C751F0-8BE5-4D85-ABF6-FC64CC1AC9DD}.Debug|Any CPU.Build.0 = Debug|Any CPU
		{02C751F0-8BE5-4D85-ABF6-FC64CC1AC9DD}.Release|Any CPU.ActiveCfg = Release|Any CPU
		{02C751F0-8BE5-4D85-ABF6-FC64CC1AC9DD}.Release|Any CPU.Build.0 = Release|Any CPU
	EndGlobalSection
	GlobalSection(SolutionProperties) = preSolution
		HideSolutionNode = FALSE
	EndGlobalSection
	GlobalSection(ExtensibilityGlobals) = postSolution
		SolutionGuid = {676DF7C5-E218-40A7-91ED-4E7D89C0F700}
	EndGlobalSection
EndGlobal
